// !$*UTF8*$!
{
	archiveVersion = 1;
	classes = {
	};
	objectVersion = 51;
	objects = {

/* Begin PBXBuildFile section */
		41E1968BAB0FF5BC5916F77D /* Pods_Task_Daily_Task_DailyUITests.framework in Frameworks */ = {isa = PBXBuildFile; fileRef = D322BBFF269878A6D9E74B27 /* Pods_Task_Daily_Task_DailyUITests.framework */; };
		4F4AA23F25D55D2D00D16604 /* TaskDataModel.swift in Sources */ = {isa = PBXBuildFile; fileRef = 4F4AA23E25D55D2D00D16604 /* TaskDataModel.swift */; };
		4F556BEB25D3FC1E008A255C /* LoginModel.swift in Sources */ = {isa = PBXBuildFile; fileRef = 4F556BEA25D3FC1E008A255C /* LoginModel.swift */; };
		4F556BED25D400DD008A255C /* NSUserDefaults + Extension.swift in Sources */ = {isa = PBXBuildFile; fileRef = 4F556BEC25D400DD008A255C /* NSUserDefaults + Extension.swift */; };
		4F556C4425D43074008A255C /* Localizable.strings in Resources */ = {isa = PBXBuildFile; fileRef = 4F556C4325D43074008A255C /* Localizable.strings */; };
		4F556C4625D4308B008A255C /* NSObject+Extension.swift in Sources */ = {isa = PBXBuildFile; fileRef = 4F556C4525D4308B008A255C /* NSObject+Extension.swift */; };
		4F556C5225D43770008A255C /* TypeCollectionViewCell.swift in Sources */ = {isa = PBXBuildFile; fileRef = 4F556C5025D43770008A255C /* TypeCollectionViewCell.swift */; };
		4F556C5325D43770008A255C /* TypeCollectionViewCell.xib in Resources */ = {isa = PBXBuildFile; fileRef = 4F556C5125D43770008A255C /* TypeCollectionViewCell.xib */; };
		4F556C5625D43789008A255C /* TaskTableViewCell.swift in Sources */ = {isa = PBXBuildFile; fileRef = 4F556C5425D43789008A255C /* TaskTableViewCell.swift */; };
		4F556C5725D43789008A255C /* TaskTableViewCell.xib in Resources */ = {isa = PBXBuildFile; fileRef = 4F556C5525D43789008A255C /* TaskTableViewCell.xib */; };
		4F556C5925D43C17008A255C /* UIView + Extension.swift in Sources */ = {isa = PBXBuildFile; fileRef = 4F556C5825D43C17008A255C /* UIView + Extension.swift */; };
		4F556C5C25D45021008A255C /* UIProgessView + Extension.swift in Sources */ = {isa = PBXBuildFile; fileRef = 4F556C5B25D45021008A255C /* UIProgessView + Extension.swift */; };
		4F556C5F25D4538B008A255C /* EditTableViewCell.swift in Sources */ = {isa = PBXBuildFile; fileRef = 4F556C5D25D4538B008A255C /* EditTableViewCell.swift */; };
		4F556C6025D4538B008A255C /* EditTableViewCell.xib in Resources */ = {isa = PBXBuildFile; fileRef = 4F556C5E25D4538B008A255C /* EditTableViewCell.xib */; };
		4F556C6325D456D9008A255C /* DeleteViewController.swift in Sources */ = {isa = PBXBuildFile; fileRef = 4F556C6225D456D9008A255C /* DeleteViewController.swift */; };
		4F556C6825D47AC2008A255C /* AddTaskViewController.swift in Sources */ = {isa = PBXBuildFile; fileRef = 4F556C6725D47AC2008A255C /* AddTaskViewController.swift */; };
		4F81475825D4F95A006188E1 /* AddTaskModel.swift in Sources */ = {isa = PBXBuildFile; fileRef = 4F81475725D4F95A006188E1 /* AddTaskModel.swift */; };
		4F81475A25D5000B006188E1 /* LogOutModel.swift in Sources */ = {isa = PBXBuildFile; fileRef = 4F81475925D5000B006188E1 /* LogOutModel.swift */; };
		4F8C76CF25D24F8C007DDB1D /* APIConstant.swift in Sources */ = {isa = PBXBuildFile; fileRef = 4F8C76CE25D24F8C007DDB1D /* APIConstant.swift */; };
		4F8C76D225D25186007DDB1D /* RegisterModel.swift in Sources */ = {isa = PBXBuildFile; fileRef = 4F8C76D125D25186007DDB1D /* RegisterModel.swift */; };
		4F8C76D625D251EC007DDB1D /* APIManager.swift in Sources */ = {isa = PBXBuildFile; fileRef = 4F8C76D525D251EC007DDB1D /* APIManager.swift */; };
		4F8C76D825D26AE3007DDB1D /* HomeViewController.swift in Sources */ = {isa = PBXBuildFile; fileRef = 4F8C76D725D26AE3007DDB1D /* HomeViewController.swift */; };
		4FB8554525D5EA0A00615363 /* UserRegistrationModelTests.swift in Sources */ = {isa = PBXBuildFile; fileRef = 4FB8554425D5EA0A00615363 /* UserRegistrationModelTests.swift */; };
		4FB8554725D5EAEA00615363 /* UserRegistrationModel.swift in Sources */ = {isa = PBXBuildFile; fileRef = 4FB8554625D5EAEA00615363 /* UserRegistrationModel.swift */; };
		4FD62FAF25D108300079FB93 /* AppDelegate.swift in Sources */ = {isa = PBXBuildFile; fileRef = 4FD62FAE25D108300079FB93 /* AppDelegate.swift */; };
		4FD62FB125D108300079FB93 /* SceneDelegate.swift in Sources */ = {isa = PBXBuildFile; fileRef = 4FD62FB025D108300079FB93 /* SceneDelegate.swift */; };
		4FD62FB325D108300079FB93 /* InitialViewController.swift in Sources */ = {isa = PBXBuildFile; fileRef = 4FD62FB225D108300079FB93 /* InitialViewController.swift */; };
		4FD62FB625D108300079FB93 /* Main.storyboard in Resources */ = {isa = PBXBuildFile; fileRef = 4FD62FB425D108300079FB93 /* Main.storyboard */; };
		4FD62FB825D108340079FB93 /* Assets.xcassets in Resources */ = {isa = PBXBuildFile; fileRef = 4FD62FB725D108340079FB93 /* Assets.xcassets */; };
		4FD62FBB25D108340079FB93 /* LaunchScreen.storyboard in Resources */ = {isa = PBXBuildFile; fileRef = 4FD62FB925D108340079FB93 /* LaunchScreen.storyboard */; };
		4FD62FC625D108340079FB93 /* Task_DailyTests.swift in Sources */ = {isa = PBXBuildFile; fileRef = 4FD62FC525D108340079FB93 /* Task_DailyTests.swift */; };
		4FD62FD125D108340079FB93 /* Task_DailyUITests.swift in Sources */ = {isa = PBXBuildFile; fileRef = 4FD62FD025D108340079FB93 /* Task_DailyUITests.swift */; };
		4FD62FDF25D109130079FB93 /* LoginViewController.swift in Sources */ = {isa = PBXBuildFile; fileRef = 4FD62FDE25D109130079FB93 /* LoginViewController.swift */; };
		4FD62FF225D10BA30079FB93 /* Poppins-Bold.ttf in Resources */ = {isa = PBXBuildFile; fileRef = 4FD62FE025D10BA10079FB93 /* Poppins-Bold.ttf */; };
		4FD62FF325D10BA30079FB93 /* Poppins-SemiBoldItalic.ttf in Resources */ = {isa = PBXBuildFile; fileRef = 4FD62FE125D10BA20079FB93 /* Poppins-SemiBoldItalic.ttf */; };
		4FD62FF425D10BA30079FB93 /* Poppins-Italic.ttf in Resources */ = {isa = PBXBuildFile; fileRef = 4FD62FE225D10BA20079FB93 /* Poppins-Italic.ttf */; };
		4FD62FF525D10BA30079FB93 /* Poppins-MediumItalic.ttf in Resources */ = {isa = PBXBuildFile; fileRef = 4FD62FE325D10BA20079FB93 /* Poppins-MediumItalic.ttf */; };
		4FD62FF625D10BA30079FB93 /* Poppins-Black.ttf in Resources */ = {isa = PBXBuildFile; fileRef = 4FD62FE425D10BA20079FB93 /* Poppins-Black.ttf */; };
		4FD62FF725D10BA30079FB93 /* Poppins-ExtraBold.ttf in Resources */ = {isa = PBXBuildFile; fileRef = 4FD62FE525D10BA20079FB93 /* Poppins-ExtraBold.ttf */; };
		4FD62FF825D10BA30079FB93 /* Poppins-Medium.ttf in Resources */ = {isa = PBXBuildFile; fileRef = 4FD62FE625D10BA20079FB93 /* Poppins-Medium.ttf */; };
		4FD62FF925D10BA30079FB93 /* Poppins-ExtraLight.ttf in Resources */ = {isa = PBXBuildFile; fileRef = 4FD62FE725D10BA20079FB93 /* Poppins-ExtraLight.ttf */; };
		4FD62FFA25D10BA30079FB93 /* Poppins-Light.ttf in Resources */ = {isa = PBXBuildFile; fileRef = 4FD62FE825D10BA20079FB93 /* Poppins-Light.ttf */; };
		4FD62FFB25D10BA30079FB93 /* Poppins-ThinItalic.ttf in Resources */ = {isa = PBXBuildFile; fileRef = 4FD62FE925D10BA20079FB93 /* Poppins-ThinItalic.ttf */; };
		4FD62FFC25D10BA30079FB93 /* Poppins-Regular.ttf in Resources */ = {isa = PBXBuildFile; fileRef = 4FD62FEA25D10BA20079FB93 /* Poppins-Regular.ttf */; };
		4FD62FFD25D10BA30079FB93 /* Poppins-Thin.ttf in Resources */ = {isa = PBXBuildFile; fileRef = 4FD62FEB25D10BA20079FB93 /* Poppins-Thin.ttf */; };
		4FD62FFE25D10BA30079FB93 /* Poppins-LightItalic.ttf in Resources */ = {isa = PBXBuildFile; fileRef = 4FD62FEC25D10BA30079FB93 /* Poppins-LightItalic.ttf */; };
		4FD62FFF25D10BA30079FB93 /* Poppins-ExtraBoldItalic.ttf in Resources */ = {isa = PBXBuildFile; fileRef = 4FD62FED25D10BA30079FB93 /* Poppins-ExtraBoldItalic.ttf */; };
		4FD6300025D10BA30079FB93 /* Poppins-BlackItalic.ttf in Resources */ = {isa = PBXBuildFile; fileRef = 4FD62FEE25D10BA30079FB93 /* Poppins-BlackItalic.ttf */; };
		4FD6300125D10BA30079FB93 /* Poppins-BoldItalic.ttf in Resources */ = {isa = PBXBuildFile; fileRef = 4FD62FEF25D10BA30079FB93 /* Poppins-BoldItalic.ttf */; };
		4FD6300225D10BA30079FB93 /* Poppins-ExtraLightItalic.ttf in Resources */ = {isa = PBXBuildFile; fileRef = 4FD62FF025D10BA30079FB93 /* Poppins-ExtraLightItalic.ttf */; };
		4FD6300325D10BA30079FB93 /* Poppins-SemiBold.ttf in Resources */ = {isa = PBXBuildFile; fileRef = 4FD62FF125D10BA30079FB93 /* Poppins-SemiBold.ttf */; };
		4FDB920825D189CE008A6CC5 /* String + Extension.swift in Sources */ = {isa = PBXBuildFile; fileRef = 4FDB920725D189CE008A6CC5 /* String + Extension.swift */; };
		4FDB920A25D18A06008A6CC5 /* UiAlertController + Extension.swift in Sources */ = {isa = PBXBuildFile; fileRef = 4FDB920925D18A06008A6CC5 /* UiAlertController + Extension.swift */; };
		4FDB920C25D18A50008A6CC5 /* UiViewController + Extension.swift in Sources */ = {isa = PBXBuildFile; fileRef = 4FDB920B25D18A50008A6CC5 /* UiViewController + Extension.swift */; };
		4FDB921025D19AB8008A6CC5 /* SignUpViewController.swift in Sources */ = {isa = PBXBuildFile; fileRef = 4FDB920F25D19AB8008A6CC5 /* SignUpViewController.swift */; };
		4FDB921225D1A6EF008A6CC5 /* ForgotPasswordViewController.swift in Sources */ = {isa = PBXBuildFile; fileRef = 4FDB921125D1A6EF008A6CC5 /* ForgotPasswordViewController.swift */; };
		4FDB921425D1B2AA008A6CC5 /* ResetPasswordViewController.swift in Sources */ = {isa = PBXBuildFile; fileRef = 4FDB921325D1B2AA008A6CC5 /* ResetPasswordViewController.swift */; };
		B04193200536D8310A8AC92E /* Pods_Task_Daily.framework in Frameworks */ = {isa = PBXBuildFile; fileRef = 4B77C5AA638673AA6885F329 /* Pods_Task_Daily.framework */; };
		DE9850AA0D98C95AF23C0E4C /* Pods_Task_DailyTests.framework in Frameworks */ = {isa = PBXBuildFile; fileRef = 30F0566FC3FDDB76871A6C3C /* Pods_Task_DailyTests.framework */; };
/* End PBXBuildFile section */

/* Begin PBXContainerItemProxy section */
		4FD62FC225D108340079FB93 /* PBXContainerItemProxy */ = {
			isa = PBXContainerItemProxy;
			containerPortal = 4FD62FA325D108300079FB93 /* Project object */;
			proxyType = 1;
			remoteGlobalIDString = 4FD62FAA25D108300079FB93;
			remoteInfo = "Task-Daily";
		};
		4FD62FCD25D108340079FB93 /* PBXContainerItemProxy */ = {
			isa = PBXContainerItemProxy;
			containerPortal = 4FD62FA325D108300079FB93 /* Project object */;
			proxyType = 1;
			remoteGlobalIDString = 4FD62FAA25D108300079FB93;
			remoteInfo = "Task-Daily";
		};
/* End PBXContainerItemProxy section */

/* Begin PBXFileReference section */
		2C3FFB539195B219BEF62F01 /* Pods-Task-Daily-Task-DailyUITests.debug.xcconfig */ = {isa = PBXFileReference; includeInIndex = 1; lastKnownFileType = text.xcconfig; name = "Pods-Task-Daily-Task-DailyUITests.debug.xcconfig"; path = "Target Support Files/Pods-Task-Daily-Task-DailyUITests/Pods-Task-Daily-Task-DailyUITests.debug.xcconfig"; sourceTree = "<group>"; };
		30F0566FC3FDDB76871A6C3C /* Pods_Task_DailyTests.framework */ = {isa = PBXFileReference; explicitFileType = wrapper.framework; includeInIndex = 0; path = Pods_Task_DailyTests.framework; sourceTree = BUILT_PRODUCTS_DIR; };
		4B77C5AA638673AA6885F329 /* Pods_Task_Daily.framework */ = {isa = PBXFileReference; explicitFileType = wrapper.framework; includeInIndex = 0; path = Pods_Task_Daily.framework; sourceTree = BUILT_PRODUCTS_DIR; };
		4F4AA23E25D55D2D00D16604 /* TaskDataModel.swift */ = {isa = PBXFileReference; lastKnownFileType = sourcecode.swift; path = TaskDataModel.swift; sourceTree = "<group>"; };
		4F556BEA25D3FC1E008A255C /* LoginModel.swift */ = {isa = PBXFileReference; lastKnownFileType = sourcecode.swift; path = LoginModel.swift; sourceTree = "<group>"; };
		4F556BEC25D400DD008A255C /* NSUserDefaults + Extension.swift */ = {isa = PBXFileReference; lastKnownFileType = sourcecode.swift; path = "NSUserDefaults + Extension.swift"; sourceTree = "<group>"; };
		4F556C4325D43074008A255C /* Localizable.strings */ = {isa = PBXFileReference; fileEncoding = 4; lastKnownFileType = text.plist.strings; path = Localizable.strings; sourceTree = "<group>"; };
		4F556C4525D4308B008A255C /* NSObject+Extension.swift */ = {isa = PBXFileReference; fileEncoding = 4; lastKnownFileType = sourcecode.swift; path = "NSObject+Extension.swift"; sourceTree = "<group>"; };
		4F556C5025D43770008A255C /* TypeCollectionViewCell.swift */ = {isa = PBXFileReference; lastKnownFileType = sourcecode.swift; path = TypeCollectionViewCell.swift; sourceTree = "<group>"; };
		4F556C5125D43770008A255C /* TypeCollectionViewCell.xib */ = {isa = PBXFileReference; lastKnownFileType = file.xib; path = TypeCollectionViewCell.xib; sourceTree = "<group>"; };
		4F556C5425D43789008A255C /* TaskTableViewCell.swift */ = {isa = PBXFileReference; lastKnownFileType = sourcecode.swift; path = TaskTableViewCell.swift; sourceTree = "<group>"; };
		4F556C5525D43789008A255C /* TaskTableViewCell.xib */ = {isa = PBXFileReference; lastKnownFileType = file.xib; path = TaskTableViewCell.xib; sourceTree = "<group>"; };
		4F556C5825D43C17008A255C /* UIView + Extension.swift */ = {isa = PBXFileReference; lastKnownFileType = sourcecode.swift; path = "UIView + Extension.swift"; sourceTree = "<group>"; };
		4F556C5B25D45021008A255C /* UIProgessView + Extension.swift */ = {isa = PBXFileReference; lastKnownFileType = sourcecode.swift; path = "UIProgessView + Extension.swift"; sourceTree = "<group>"; };
		4F556C5D25D4538B008A255C /* EditTableViewCell.swift */ = {isa = PBXFileReference; lastKnownFileType = sourcecode.swift; path = EditTableViewCell.swift; sourceTree = "<group>"; };
		4F556C5E25D4538B008A255C /* EditTableViewCell.xib */ = {isa = PBXFileReference; lastKnownFileType = file.xib; path = EditTableViewCell.xib; sourceTree = "<group>"; };
		4F556C6225D456D9008A255C /* DeleteViewController.swift */ = {isa = PBXFileReference; lastKnownFileType = sourcecode.swift; path = DeleteViewController.swift; sourceTree = "<group>"; };
		4F556C6725D47AC2008A255C /* AddTaskViewController.swift */ = {isa = PBXFileReference; lastKnownFileType = sourcecode.swift; path = AddTaskViewController.swift; sourceTree = "<group>"; };
		4F81475725D4F95A006188E1 /* AddTaskModel.swift */ = {isa = PBXFileReference; lastKnownFileType = sourcecode.swift; path = AddTaskModel.swift; sourceTree = "<group>"; };
		4F81475925D5000B006188E1 /* LogOutModel.swift */ = {isa = PBXFileReference; lastKnownFileType = sourcecode.swift; path = LogOutModel.swift; sourceTree = "<group>"; };
		4F8C76CE25D24F8C007DDB1D /* APIConstant.swift */ = {isa = PBXFileReference; lastKnownFileType = sourcecode.swift; path = APIConstant.swift; sourceTree = "<group>"; };
		4F8C76D125D25186007DDB1D /* RegisterModel.swift */ = {isa = PBXFileReference; lastKnownFileType = sourcecode.swift; path = RegisterModel.swift; sourceTree = "<group>"; };
		4F8C76D525D251EC007DDB1D /* APIManager.swift */ = {isa = PBXFileReference; lastKnownFileType = sourcecode.swift; path = APIManager.swift; sourceTree = "<group>"; };
		4F8C76D725D26AE3007DDB1D /* HomeViewController.swift */ = {isa = PBXFileReference; lastKnownFileType = sourcecode.swift; path = HomeViewController.swift; sourceTree = "<group>"; };
		4FB8554425D5EA0A00615363 /* UserRegistrationModelTests.swift */ = {isa = PBXFileReference; lastKnownFileType = sourcecode.swift; path = UserRegistrationModelTests.swift; sourceTree = "<group>"; };
		4FB8554625D5EAEA00615363 /* UserRegistrationModel.swift */ = {isa = PBXFileReference; lastKnownFileType = sourcecode.swift; path = UserRegistrationModel.swift; sourceTree = "<group>"; };
		4FD62FAB25D108300079FB93 /* Task-Daily.app */ = {isa = PBXFileReference; explicitFileType = wrapper.application; includeInIndex = 0; path = "Task-Daily.app"; sourceTree = BUILT_PRODUCTS_DIR; };
		4FD62FAE25D108300079FB93 /* AppDelegate.swift */ = {isa = PBXFileReference; lastKnownFileType = sourcecode.swift; path = AppDelegate.swift; sourceTree = "<group>"; };
		4FD62FB025D108300079FB93 /* SceneDelegate.swift */ = {isa = PBXFileReference; lastKnownFileType = sourcecode.swift; path = SceneDelegate.swift; sourceTree = "<group>"; };
		4FD62FB225D108300079FB93 /* InitialViewController.swift */ = {isa = PBXFileReference; lastKnownFileType = sourcecode.swift; path = InitialViewController.swift; sourceTree = "<group>"; };
		4FD62FB525D108300079FB93 /* Base */ = {isa = PBXFileReference; lastKnownFileType = file.storyboard; name = Base; path = Base.lproj/Main.storyboard; sourceTree = "<group>"; };
		4FD62FB725D108340079FB93 /* Assets.xcassets */ = {isa = PBXFileReference; lastKnownFileType = folder.assetcatalog; path = Assets.xcassets; sourceTree = "<group>"; };
		4FD62FBA25D108340079FB93 /* Base */ = {isa = PBXFileReference; lastKnownFileType = file.storyboard; name = Base; path = Base.lproj/LaunchScreen.storyboard; sourceTree = "<group>"; };
		4FD62FBC25D108340079FB93 /* Info.plist */ = {isa = PBXFileReference; lastKnownFileType = text.plist.xml; path = Info.plist; sourceTree = "<group>"; };
		4FD62FC125D108340079FB93 /* Task-DailyTests.xctest */ = {isa = PBXFileReference; explicitFileType = wrapper.cfbundle; includeInIndex = 0; path = "Task-DailyTests.xctest"; sourceTree = BUILT_PRODUCTS_DIR; };
		4FD62FC525D108340079FB93 /* Task_DailyTests.swift */ = {isa = PBXFileReference; lastKnownFileType = sourcecode.swift; path = Task_DailyTests.swift; sourceTree = "<group>"; };
		4FD62FC725D108340079FB93 /* Info.plist */ = {isa = PBXFileReference; lastKnownFileType = text.plist.xml; path = Info.plist; sourceTree = "<group>"; };
		4FD62FCC25D108340079FB93 /* Task-DailyUITests.xctest */ = {isa = PBXFileReference; explicitFileType = wrapper.cfbundle; includeInIndex = 0; path = "Task-DailyUITests.xctest"; sourceTree = BUILT_PRODUCTS_DIR; };
		4FD62FD025D108340079FB93 /* Task_DailyUITests.swift */ = {isa = PBXFileReference; lastKnownFileType = sourcecode.swift; path = Task_DailyUITests.swift; sourceTree = "<group>"; };
		4FD62FD225D108340079FB93 /* Info.plist */ = {isa = PBXFileReference; lastKnownFileType = text.plist.xml; path = Info.plist; sourceTree = "<group>"; };
		4FD62FDE25D109130079FB93 /* LoginViewController.swift */ = {isa = PBXFileReference; lastKnownFileType = sourcecode.swift; path = LoginViewController.swift; sourceTree = "<group>"; };
		4FD62FE025D10BA10079FB93 /* Poppins-Bold.ttf */ = {isa = PBXFileReference; lastKnownFileType = file; path = "Poppins-Bold.ttf"; sourceTree = "<group>"; };
		4FD62FE125D10BA20079FB93 /* Poppins-SemiBoldItalic.ttf */ = {isa = PBXFileReference; lastKnownFileType = file; path = "Poppins-SemiBoldItalic.ttf"; sourceTree = "<group>"; };
		4FD62FE225D10BA20079FB93 /* Poppins-Italic.ttf */ = {isa = PBXFileReference; lastKnownFileType = file; path = "Poppins-Italic.ttf"; sourceTree = "<group>"; };
		4FD62FE325D10BA20079FB93 /* Poppins-MediumItalic.ttf */ = {isa = PBXFileReference; lastKnownFileType = file; path = "Poppins-MediumItalic.ttf"; sourceTree = "<group>"; };
		4FD62FE425D10BA20079FB93 /* Poppins-Black.ttf */ = {isa = PBXFileReference; lastKnownFileType = file; path = "Poppins-Black.ttf"; sourceTree = "<group>"; };
		4FD62FE525D10BA20079FB93 /* Poppins-ExtraBold.ttf */ = {isa = PBXFileReference; lastKnownFileType = file; path = "Poppins-ExtraBold.ttf"; sourceTree = "<group>"; };
		4FD62FE625D10BA20079FB93 /* Poppins-Medium.ttf */ = {isa = PBXFileReference; lastKnownFileType = file; path = "Poppins-Medium.ttf"; sourceTree = "<group>"; };
		4FD62FE725D10BA20079FB93 /* Poppins-ExtraLight.ttf */ = {isa = PBXFileReference; lastKnownFileType = file; path = "Poppins-ExtraLight.ttf"; sourceTree = "<group>"; };
		4FD62FE825D10BA20079FB93 /* Poppins-Light.ttf */ = {isa = PBXFileReference; lastKnownFileType = file; path = "Poppins-Light.ttf"; sourceTree = "<group>"; };
		4FD62FE925D10BA20079FB93 /* Poppins-ThinItalic.ttf */ = {isa = PBXFileReference; lastKnownFileType = file; path = "Poppins-ThinItalic.ttf"; sourceTree = "<group>"; };
		4FD62FEA25D10BA20079FB93 /* Poppins-Regular.ttf */ = {isa = PBXFileReference; lastKnownFileType = file; path = "Poppins-Regular.ttf"; sourceTree = "<group>"; };
		4FD62FEB25D10BA20079FB93 /* Poppins-Thin.ttf */ = {isa = PBXFileReference; lastKnownFileType = file; path = "Poppins-Thin.ttf"; sourceTree = "<group>"; };
		4FD62FEC25D10BA30079FB93 /* Poppins-LightItalic.ttf */ = {isa = PBXFileReference; lastKnownFileType = file; path = "Poppins-LightItalic.ttf"; sourceTree = "<group>"; };
		4FD62FED25D10BA30079FB93 /* Poppins-ExtraBoldItalic.ttf */ = {isa = PBXFileReference; lastKnownFileType = file; path = "Poppins-ExtraBoldItalic.ttf"; sourceTree = "<group>"; };
		4FD62FEE25D10BA30079FB93 /* Poppins-BlackItalic.ttf */ = {isa = PBXFileReference; lastKnownFileType = file; path = "Poppins-BlackItalic.ttf"; sourceTree = "<group>"; };
		4FD62FEF25D10BA30079FB93 /* Poppins-BoldItalic.ttf */ = {isa = PBXFileReference; lastKnownFileType = file; path = "Poppins-BoldItalic.ttf"; sourceTree = "<group>"; };
		4FD62FF025D10BA30079FB93 /* Poppins-ExtraLightItalic.ttf */ = {isa = PBXFileReference; lastKnownFileType = file; path = "Poppins-ExtraLightItalic.ttf"; sourceTree = "<group>"; };
		4FD62FF125D10BA30079FB93 /* Poppins-SemiBold.ttf */ = {isa = PBXFileReference; lastKnownFileType = file; path = "Poppins-SemiBold.ttf"; sourceTree = "<group>"; };
		4FDB920725D189CE008A6CC5 /* String + Extension.swift */ = {isa = PBXFileReference; lastKnownFileType = sourcecode.swift; path = "String + Extension.swift"; sourceTree = "<group>"; };
		4FDB920925D18A06008A6CC5 /* UiAlertController + Extension.swift */ = {isa = PBXFileReference; lastKnownFileType = sourcecode.swift; path = "UiAlertController + Extension.swift"; sourceTree = "<group>"; };
		4FDB920B25D18A50008A6CC5 /* UiViewController + Extension.swift */ = {isa = PBXFileReference; lastKnownFileType = sourcecode.swift; path = "UiViewController + Extension.swift"; sourceTree = "<group>"; };
		4FDB920F25D19AB8008A6CC5 /* SignUpViewController.swift */ = {isa = PBXFileReference; lastKnownFileType = sourcecode.swift; path = SignUpViewController.swift; sourceTree = "<group>"; };
		4FDB921125D1A6EF008A6CC5 /* ForgotPasswordViewController.swift */ = {isa = PBXFileReference; lastKnownFileType = sourcecode.swift; path = ForgotPasswordViewController.swift; sourceTree = "<group>"; };
		4FDB921325D1B2AA008A6CC5 /* ResetPasswordViewController.swift */ = {isa = PBXFileReference; lastKnownFileType = sourcecode.swift; path = ResetPasswordViewController.swift; sourceTree = "<group>"; };
		711B2402F1BF1204A467D9CD /* Pods-Task-Daily.release.xcconfig */ = {isa = PBXFileReference; includeInIndex = 1; lastKnownFileType = text.xcconfig; name = "Pods-Task-Daily.release.xcconfig"; path = "Target Support Files/Pods-Task-Daily/Pods-Task-Daily.release.xcconfig"; sourceTree = "<group>"; };
		78DC363545075C96B3B413FB /* Pods-Task-DailyTests.release.xcconfig */ = {isa = PBXFileReference; includeInIndex = 1; lastKnownFileType = text.xcconfig; name = "Pods-Task-DailyTests.release.xcconfig"; path = "Target Support Files/Pods-Task-DailyTests/Pods-Task-DailyTests.release.xcconfig"; sourceTree = "<group>"; };
		7E0869632767D8DF12077446 /* Pods-Task-Daily.debug.xcconfig */ = {isa = PBXFileReference; includeInIndex = 1; lastKnownFileType = text.xcconfig; name = "Pods-Task-Daily.debug.xcconfig"; path = "Target Support Files/Pods-Task-Daily/Pods-Task-Daily.debug.xcconfig"; sourceTree = "<group>"; };
		A5788853DD8ECA45634707A7 /* Pods-Task-Daily-Task-DailyUITests.release.xcconfig */ = {isa = PBXFileReference; includeInIndex = 1; lastKnownFileType = text.xcconfig; name = "Pods-Task-Daily-Task-DailyUITests.release.xcconfig"; path = "Target Support Files/Pods-Task-Daily-Task-DailyUITests/Pods-Task-Daily-Task-DailyUITests.release.xcconfig"; sourceTree = "<group>"; };
		D322BBFF269878A6D9E74B27 /* Pods_Task_Daily_Task_DailyUITests.framework */ = {isa = PBXFileReference; explicitFileType = wrapper.framework; includeInIndex = 0; path = Pods_Task_Daily_Task_DailyUITests.framework; sourceTree = BUILT_PRODUCTS_DIR; };
		D9F47412EFC01BDBE814B375 /* Pods-Task-DailyTests.debug.xcconfig */ = {isa = PBXFileReference; includeInIndex = 1; lastKnownFileType = text.xcconfig; name = "Pods-Task-DailyTests.debug.xcconfig"; path = "Target Support Files/Pods-Task-DailyTests/Pods-Task-DailyTests.debug.xcconfig"; sourceTree = "<group>"; };
/* End PBXFileReference section */

/* Begin PBXFrameworksBuildPhase section */
		4FD62FA825D108300079FB93 /* Frameworks */ = {
			isa = PBXFrameworksBuildPhase;
			buildActionMask = 2147483647;
			files = (
				B04193200536D8310A8AC92E /* Pods_Task_Daily.framework in Frameworks */,
			);
			runOnlyForDeploymentPostprocessing = 0;
		};
		4FD62FBE25D108340079FB93 /* Frameworks */ = {
			isa = PBXFrameworksBuildPhase;
			buildActionMask = 2147483647;
			files = (
				DE9850AA0D98C95AF23C0E4C /* Pods_Task_DailyTests.framework in Frameworks */,
			);
			runOnlyForDeploymentPostprocessing = 0;
		};
		4FD62FC925D108340079FB93 /* Frameworks */ = {
			isa = PBXFrameworksBuildPhase;
			buildActionMask = 2147483647;
			files = (
				41E1968BAB0FF5BC5916F77D /* Pods_Task_Daily_Task_DailyUITests.framework in Frameworks */,
			);
			runOnlyForDeploymentPostprocessing = 0;
		};
/* End PBXFrameworksBuildPhase section */

/* Begin PBXGroup section */
		4F556C4725D43708008A255C /* Cells */ = {
			isa = PBXGroup;
			children = (
				4F556C5025D43770008A255C /* TypeCollectionViewCell.swift */,
				4F556C5125D43770008A255C /* TypeCollectionViewCell.xib */,
				4F556C5425D43789008A255C /* TaskTableViewCell.swift */,
				4F556C5525D43789008A255C /* TaskTableViewCell.xib */,
				4F556C5D25D4538B008A255C /* EditTableViewCell.swift */,
				4F556C5E25D4538B008A255C /* EditTableViewCell.xib */,
			);
			path = Cells;
			sourceTree = "<group>";
		};
		4F556C6125D456AE008A255C /* Delete Tasks */ = {
			isa = PBXGroup;
			children = (
				4F556C6225D456D9008A255C /* DeleteViewController.swift */,
			);
			path = "Delete Tasks";
			sourceTree = "<group>";
		};
		4F556C6625D47A4B008A255C /* Add Task */ = {
			isa = PBXGroup;
			children = (
				4F556C6725D47AC2008A255C /* AddTaskViewController.swift */,
			);
			path = "Add Task";
			sourceTree = "<group>";
		};
		4F8C76D025D24F90007DDB1D /* API Constant */ = {
			isa = PBXGroup;
			children = (
				4F8C76CE25D24F8C007DDB1D /* APIConstant.swift */,
			);
			path = "API Constant";
			sourceTree = "<group>";
		};
		4F8C76D325D2518D007DDB1D /* Models */ = {
			isa = PBXGroup;
			children = (
				4F8C76D125D25186007DDB1D /* RegisterModel.swift */,
				4F556BEA25D3FC1E008A255C /* LoginModel.swift */,
				4F81475725D4F95A006188E1 /* AddTaskModel.swift */,
				4F81475925D5000B006188E1 /* LogOutModel.swift */,
				4F4AA23E25D55D2D00D16604 /* TaskDataModel.swift */,
			);
			path = Models;
			sourceTree = "<group>";
		};
		4F8C76D425D251C7007DDB1D /* APIManager */ = {
			isa = PBXGroup;
			children = (
				4F8C76D525D251EC007DDB1D /* APIManager.swift */,
			);
			path = APIManager;
			sourceTree = "<group>";
		};
		4F8C76D925D26AF9007DDB1D /* Home */ = {
			isa = PBXGroup;
			children = (
				4F8C76D725D26AE3007DDB1D /* HomeViewController.swift */,
			);
			path = Home;
			sourceTree = "<group>";
		};
		4FB8554825D5EB7300615363 /* Unit Test */ = {
			isa = PBXGroup;
			children = (
				4FB8554625D5EAEA00615363 /* UserRegistrationModel.swift */,
			);
			path = "Unit Test";
			sourceTree = "<group>";
		};
		4FD62FA225D108300079FB93 = {
			isa = PBXGroup;
			children = (
				4FD62FAD25D108300079FB93 /* Task-Daily */,
				4FB8554825D5EB7300615363 /* Unit Test */,
				4FD62FC425D108340079FB93 /* Task-DailyTests */,
				4FD62FCF25D108340079FB93 /* Task-DailyUITests */,
				4FD62FAC25D108300079FB93 /* Products */,
				5CC0483B16F5D3D6469415F3 /* Pods */,
				BE78C0662642375E03AEFD51 /* Frameworks */,
			);
			sourceTree = "<group>";
		};
		4FD62FAC25D108300079FB93 /* Products */ = {
			isa = PBXGroup;
			children = (
				4FD62FAB25D108300079FB93 /* Task-Daily.app */,
				4FD62FC125D108340079FB93 /* Task-DailyTests.xctest */,
				4FD62FCC25D108340079FB93 /* Task-DailyUITests.xctest */,
			);
			name = Products;
			sourceTree = "<group>";
		};
		4FD62FAD25D108300079FB93 /* Task-Daily */ = {
			isa = PBXGroup;
			children = (
				4FD62FAE25D108300079FB93 /* AppDelegate.swift */,
				4FD62FB025D108300079FB93 /* SceneDelegate.swift */,
				4FD62FB425D108300079FB93 /* Main.storyboard */,
				4FDB920625D189A1008A6CC5 /* Extensions */,
				4F8C76D425D251C7007DDB1D /* APIManager */,
				4F8C76D025D24F90007DDB1D /* API Constant */,
				4F8C76D325D2518D007DDB1D /* Models */,
				4F556C4725D43708008A255C /* Cells */,
				4F556C6625D47A4B008A255C /* Add Task */,
				4FDB921525D1B961008A6CC5 /* Get Started */,
				4F556C6125D456AE008A255C /* Delete Tasks */,
				4F8C76D925D26AF9007DDB1D /* Home */,
				4FDB921625D1B985008A6CC5 /* Login */,
				4FDB921725D1B9A9008A6CC5 /* Sign Up */,
				4FDB921825D1B9B5008A6CC5 /* Forgot Password */,
				4FDB921925D1B9C2008A6CC5 /* Reset Password */,
				4FD6300525D10BB80079FB93 /* Fonts */,
				4FD62FB725D108340079FB93 /* Assets.xcassets */,
				4FD62FB925D108340079FB93 /* LaunchScreen.storyboard */,
				4FD62FBC25D108340079FB93 /* Info.plist */,
				4F556C4325D43074008A255C /* Localizable.strings */,
			);
			path = "Task-Daily";
			sourceTree = "<group>";
		};
		4FD62FC425D108340079FB93 /* Task-DailyTests */ = {
			isa = PBXGroup;
			children = (
				4FB8554425D5EA0A00615363 /* UserRegistrationModelTests.swift */,
				4FD62FC525D108340079FB93 /* Task_DailyTests.swift */,
				4FD62FC725D108340079FB93 /* Info.plist */,
			);
			path = "Task-DailyTests";
			sourceTree = "<group>";
		};
		4FD62FCF25D108340079FB93 /* Task-DailyUITests */ = {
			isa = PBXGroup;
			children = (
				4FD62FD025D108340079FB93 /* Task_DailyUITests.swift */,
				4FD62FD225D108340079FB93 /* Info.plist */,
			);
			path = "Task-DailyUITests";
			sourceTree = "<group>";
		};
		4FD6300525D10BB80079FB93 /* Fonts */ = {
			isa = PBXGroup;
			children = (
				4FD62FE425D10BA20079FB93 /* Poppins-Black.ttf */,
				4FD62FEE25D10BA30079FB93 /* Poppins-BlackItalic.ttf */,
				4FD62FE025D10BA10079FB93 /* Poppins-Bold.ttf */,
				4FD62FEF25D10BA30079FB93 /* Poppins-BoldItalic.ttf */,
				4FD62FE525D10BA20079FB93 /* Poppins-ExtraBold.ttf */,
				4FD62FED25D10BA30079FB93 /* Poppins-ExtraBoldItalic.ttf */,
				4FD62FE725D10BA20079FB93 /* Poppins-ExtraLight.ttf */,
				4FD62FF025D10BA30079FB93 /* Poppins-ExtraLightItalic.ttf */,
				4FD62FE225D10BA20079FB93 /* Poppins-Italic.ttf */,
				4FD62FE825D10BA20079FB93 /* Poppins-Light.ttf */,
				4FD62FEC25D10BA30079FB93 /* Poppins-LightItalic.ttf */,
				4FD62FE625D10BA20079FB93 /* Poppins-Medium.ttf */,
				4FD62FE325D10BA20079FB93 /* Poppins-MediumItalic.ttf */,
				4FD62FEA25D10BA20079FB93 /* Poppins-Regular.ttf */,
				4FD62FF125D10BA30079FB93 /* Poppins-SemiBold.ttf */,
				4FD62FE125D10BA20079FB93 /* Poppins-SemiBoldItalic.ttf */,
				4FD62FEB25D10BA20079FB93 /* Poppins-Thin.ttf */,
				4FD62FE925D10BA20079FB93 /* Poppins-ThinItalic.ttf */,
			);
			path = Fonts;
			sourceTree = "<group>";
		};
		4FDB920625D189A1008A6CC5 /* Extensions */ = {
			isa = PBXGroup;
			children = (
				4F556C4525D4308B008A255C /* NSObject+Extension.swift */,
				4FDB920725D189CE008A6CC5 /* String + Extension.swift */,
				4FDB920925D18A06008A6CC5 /* UiAlertController + Extension.swift */,
				4FDB920B25D18A50008A6CC5 /* UiViewController + Extension.swift */,
				4F556BEC25D400DD008A255C /* NSUserDefaults + Extension.swift */,
				4F556C5825D43C17008A255C /* UIView + Extension.swift */,
				4F556C5B25D45021008A255C /* UIProgessView + Extension.swift */,
			);
			path = Extensions;
			sourceTree = "<group>";
		};
		4FDB921525D1B961008A6CC5 /* Get Started */ = {
			isa = PBXGroup;
			children = (
				4FD62FB225D108300079FB93 /* InitialViewController.swift */,
			);
			path = "Get Started";
			sourceTree = "<group>";
		};
		4FDB921625D1B985008A6CC5 /* Login */ = {
			isa = PBXGroup;
			children = (
				4FD62FDE25D109130079FB93 /* LoginViewController.swift */,
			);
			path = Login;
			sourceTree = "<group>";
		};
		4FDB921725D1B9A9008A6CC5 /* Sign Up */ = {
			isa = PBXGroup;
			children = (
				4FDB920F25D19AB8008A6CC5 /* SignUpViewController.swift */,
			);
			path = "Sign Up";
			sourceTree = "<group>";
		};
		4FDB921825D1B9B5008A6CC5 /* Forgot Password */ = {
			isa = PBXGroup;
			children = (
				4FDB921125D1A6EF008A6CC5 /* ForgotPasswordViewController.swift */,
			);
			path = "Forgot Password";
			sourceTree = "<group>";
		};
		4FDB921925D1B9C2008A6CC5 /* Reset Password */ = {
			isa = PBXGroup;
			children = (
				4FDB921325D1B2AA008A6CC5 /* ResetPasswordViewController.swift */,
			);
			path = "Reset Password";
			sourceTree = "<group>";
		};
		5CC0483B16F5D3D6469415F3 /* Pods */ = {
			isa = PBXGroup;
			children = (
				7E0869632767D8DF12077446 /* Pods-Task-Daily.debug.xcconfig */,
				711B2402F1BF1204A467D9CD /* Pods-Task-Daily.release.xcconfig */,
				2C3FFB539195B219BEF62F01 /* Pods-Task-Daily-Task-DailyUITests.debug.xcconfig */,
				A5788853DD8ECA45634707A7 /* Pods-Task-Daily-Task-DailyUITests.release.xcconfig */,
				D9F47412EFC01BDBE814B375 /* Pods-Task-DailyTests.debug.xcconfig */,
				78DC363545075C96B3B413FB /* Pods-Task-DailyTests.release.xcconfig */,
			);
			path = Pods;
			sourceTree = "<group>";
		};
		BE78C0662642375E03AEFD51 /* Frameworks */ = {
			isa = PBXGroup;
			children = (
				4B77C5AA638673AA6885F329 /* Pods_Task_Daily.framework */,
				D322BBFF269878A6D9E74B27 /* Pods_Task_Daily_Task_DailyUITests.framework */,
				30F0566FC3FDDB76871A6C3C /* Pods_Task_DailyTests.framework */,
			);
			name = Frameworks;
			sourceTree = "<group>";
		};
/* End PBXGroup section */

/* Begin PBXNativeTarget section */
		4FD62FAA25D108300079FB93 /* Task-Daily */ = {
			isa = PBXNativeTarget;
			buildConfigurationList = 4FD62FD525D108340079FB93 /* Build configuration list for PBXNativeTarget "Task-Daily" */;
			buildPhases = (
				CB13C9016CDDBF6864DC5729 /* [CP] Check Pods Manifest.lock */,
				4FD62FA725D108300079FB93 /* Sources */,
				4FD62FA825D108300079FB93 /* Frameworks */,
				4FD62FA925D108300079FB93 /* Resources */,
				40EC0017F089EEC0273C4CFD /* [CP] Embed Pods Frameworks */,
			);
			buildRules = (
			);
			dependencies = (
			);
			name = "Task-Daily";
			productName = "Task-Daily";
			productReference = 4FD62FAB25D108300079FB93 /* Task-Daily.app */;
			productType = "com.apple.product-type.application";
		};
		4FD62FC025D108340079FB93 /* Task-DailyTests */ = {
			isa = PBXNativeTarget;
			buildConfigurationList = 4FD62FD825D108340079FB93 /* Build configuration list for PBXNativeTarget "Task-DailyTests" */;
			buildPhases = (
				CDA764D4D23A9F489F915FB1 /* [CP] Check Pods Manifest.lock */,
				4FD62FBD25D108340079FB93 /* Sources */,
				4FD62FBE25D108340079FB93 /* Frameworks */,
				4FD62FBF25D108340079FB93 /* Resources */,
			);
			buildRules = (
			);
			dependencies = (
				4FD62FC325D108340079FB93 /* PBXTargetDependency */,
			);
			name = "Task-DailyTests";
			productName = "Task-DailyTests";
			productReference = 4FD62FC125D108340079FB93 /* Task-DailyTests.xctest */;
			productType = "com.apple.product-type.bundle.unit-test";
		};
		4FD62FCB25D108340079FB93 /* Task-DailyUITests */ = {
			isa = PBXNativeTarget;
			buildConfigurationList = 4FD62FDB25D108340079FB93 /* Build configuration list for PBXNativeTarget "Task-DailyUITests" */;
			buildPhases = (
				FB25313F5C45CE9EFE07E225 /* [CP] Check Pods Manifest.lock */,
				4FD62FC825D108340079FB93 /* Sources */,
				4FD62FC925D108340079FB93 /* Frameworks */,
				4FD62FCA25D108340079FB93 /* Resources */,
				42E2B36E7F06CA726DBFE3C6 /* [CP] Embed Pods Frameworks */,
			);
			buildRules = (
			);
			dependencies = (
				4FD62FCE25D108340079FB93 /* PBXTargetDependency */,
			);
			name = "Task-DailyUITests";
			productName = "Task-DailyUITests";
			productReference = 4FD62FCC25D108340079FB93 /* Task-DailyUITests.xctest */;
			productType = "com.apple.product-type.bundle.ui-testing";
		};
/* End PBXNativeTarget section */

/* Begin PBXProject section */
		4FD62FA325D108300079FB93 /* Project object */ = {
			isa = PBXProject;
			attributes = {
				LastSwiftUpdateCheck = 1160;
				LastUpgradeCheck = 1160;
				ORGANIZATIONNAME = "Fazle Rabbi Linkon";
				TargetAttributes = {
					4FD62FAA25D108300079FB93 = {
						CreatedOnToolsVersion = 11.6;
					};
					4FD62FC025D108340079FB93 = {
						CreatedOnToolsVersion = 11.6;
						TestTargetID = 4FD62FAA25D108300079FB93;
					};
					4FD62FCB25D108340079FB93 = {
						CreatedOnToolsVersion = 11.6;
						TestTargetID = 4FD62FAA25D108300079FB93;
					};
				};
			};
			buildConfigurationList = 4FD62FA625D108300079FB93 /* Build configuration list for PBXProject "Task-Daily" */;
			compatibilityVersion = "Xcode 9.3";
			developmentRegion = en;
			hasScannedForEncodings = 0;
			knownRegions = (
				en,
				Base,
			);
			mainGroup = 4FD62FA225D108300079FB93;
			productRefGroup = 4FD62FAC25D108300079FB93 /* Products */;
			projectDirPath = "";
			projectRoot = "";
			targets = (
				4FD62FAA25D108300079FB93 /* Task-Daily */,
				4FD62FC025D108340079FB93 /* Task-DailyTests */,
				4FD62FCB25D108340079FB93 /* Task-DailyUITests */,
			);
		};
/* End PBXProject section */

/* Begin PBXResourcesBuildPhase section */
		4FD62FA925D108300079FB93 /* Resources */ = {
			isa = PBXResourcesBuildPhase;
			buildActionMask = 2147483647;
			files = (
				4F556C6025D4538B008A255C /* EditTableViewCell.xib in Resources */,
				4FD62FF625D10BA30079FB93 /* Poppins-Black.ttf in Resources */,
				4FD62FF725D10BA30079FB93 /* Poppins-ExtraBold.ttf in Resources */,
				4FD62FF425D10BA30079FB93 /* Poppins-Italic.ttf in Resources */,
				4FD62FF325D10BA30079FB93 /* Poppins-SemiBoldItalic.ttf in Resources */,
				4FD6300125D10BA30079FB93 /* Poppins-BoldItalic.ttf in Resources */,
				4FD62FBB25D108340079FB93 /* LaunchScreen.storyboard in Resources */,
				4FD62FB825D108340079FB93 /* Assets.xcassets in Resources */,
				4FD62FB625D108300079FB93 /* Main.storyboard in Resources */,
				4FD62FFE25D10BA30079FB93 /* Poppins-LightItalic.ttf in Resources */,
				4FD62FFA25D10BA30079FB93 /* Poppins-Light.ttf in Resources */,
				4FD62FF925D10BA30079FB93 /* Poppins-ExtraLight.ttf in Resources */,
				4FD62FFD25D10BA30079FB93 /* Poppins-Thin.ttf in Resources */,
				4F556C5725D43789008A255C /* TaskTableViewCell.xib in Resources */,
				4FD6300225D10BA30079FB93 /* Poppins-ExtraLightItalic.ttf in Resources */,
				4F556C5325D43770008A255C /* TypeCollectionViewCell.xib in Resources */,
				4F556C4425D43074008A255C /* Localizable.strings in Resources */,
				4FD62FFC25D10BA30079FB93 /* Poppins-Regular.ttf in Resources */,
				4FD62FF525D10BA30079FB93 /* Poppins-MediumItalic.ttf in Resources */,
				4FD6300325D10BA30079FB93 /* Poppins-SemiBold.ttf in Resources */,
				4FD62FFB25D10BA30079FB93 /* Poppins-ThinItalic.ttf in Resources */,
				4FD62FF225D10BA30079FB93 /* Poppins-Bold.ttf in Resources */,
				4FD62FF825D10BA30079FB93 /* Poppins-Medium.ttf in Resources */,
				4FD6300025D10BA30079FB93 /* Poppins-BlackItalic.ttf in Resources */,
				4FD62FFF25D10BA30079FB93 /* Poppins-ExtraBoldItalic.ttf in Resources */,
			);
			runOnlyForDeploymentPostprocessing = 0;
		};
		4FD62FBF25D108340079FB93 /* Resources */ = {
			isa = PBXResourcesBuildPhase;
			buildActionMask = 2147483647;
			files = (
			);
			runOnlyForDeploymentPostprocessing = 0;
		};
		4FD62FCA25D108340079FB93 /* Resources */ = {
			isa = PBXResourcesBuildPhase;
			buildActionMask = 2147483647;
			files = (
			);
			runOnlyForDeploymentPostprocessing = 0;
		};
/* End PBXResourcesBuildPhase section */

/* Begin PBXShellScriptBuildPhase section */
		40EC0017F089EEC0273C4CFD /* [CP] Embed Pods Frameworks */ = {
			isa = PBXShellScriptBuildPhase;
			buildActionMask = 2147483647;
			files = (
			);
			inputFileListPaths = (
				"${PODS_ROOT}/Target Support Files/Pods-Task-Daily/Pods-Task-Daily-frameworks-${CONFIGURATION}-input-files.xcfilelist",
			);
			name = "[CP] Embed Pods Frameworks";
			outputFileListPaths = (
				"${PODS_ROOT}/Target Support Files/Pods-Task-Daily/Pods-Task-Daily-frameworks-${CONFIGURATION}-output-files.xcfilelist",
			);
			runOnlyForDeploymentPostprocessing = 0;
			shellPath = /bin/sh;
			shellScript = "\"${PODS_ROOT}/Target Support Files/Pods-Task-Daily/Pods-Task-Daily-frameworks.sh\"\n";
			showEnvVarsInLog = 0;
		};
		42E2B36E7F06CA726DBFE3C6 /* [CP] Embed Pods Frameworks */ = {
			isa = PBXShellScriptBuildPhase;
			buildActionMask = 2147483647;
			files = (
			);
			inputFileListPaths = (
				"${PODS_ROOT}/Target Support Files/Pods-Task-Daily-Task-DailyUITests/Pods-Task-Daily-Task-DailyUITests-frameworks-${CONFIGURATION}-input-files.xcfilelist",
			);
			name = "[CP] Embed Pods Frameworks";
			outputFileListPaths = (
				"${PODS_ROOT}/Target Support Files/Pods-Task-Daily-Task-DailyUITests/Pods-Task-Daily-Task-DailyUITests-frameworks-${CONFIGURATION}-output-files.xcfilelist",
			);
			runOnlyForDeploymentPostprocessing = 0;
			shellPath = /bin/sh;
			shellScript = "\"${PODS_ROOT}/Target Support Files/Pods-Task-Daily-Task-DailyUITests/Pods-Task-Daily-Task-DailyUITests-frameworks.sh\"\n";
			showEnvVarsInLog = 0;
		};
		CB13C9016CDDBF6864DC5729 /* [CP] Check Pods Manifest.lock */ = {
			isa = PBXShellScriptBuildPhase;
			buildActionMask = 2147483647;
			files = (
			);
			inputFileListPaths = (
			);
			inputPaths = (
				"${PODS_PODFILE_DIR_PATH}/Podfile.lock",
				"${PODS_ROOT}/Manifest.lock",
			);
			name = "[CP] Check Pods Manifest.lock";
			outputFileListPaths = (
			);
			outputPaths = (
				"$(DERIVED_FILE_DIR)/Pods-Task-Daily-checkManifestLockResult.txt",
			);
			runOnlyForDeploymentPostprocessing = 0;
			shellPath = /bin/sh;
			shellScript = "diff \"${PODS_PODFILE_DIR_PATH}/Podfile.lock\" \"${PODS_ROOT}/Manifest.lock\" > /dev/null\nif [ $? != 0 ] ; then\n    # print error to STDERR\n    echo \"error: The sandbox is not in sync with the Podfile.lock. Run 'pod install' or update your CocoaPods installation.\" >&2\n    exit 1\nfi\n# This output is used by Xcode 'outputs' to avoid re-running this script phase.\necho \"SUCCESS\" > \"${SCRIPT_OUTPUT_FILE_0}\"\n";
			showEnvVarsInLog = 0;
		};
		CDA764D4D23A9F489F915FB1 /* [CP] Check Pods Manifest.lock */ = {
			isa = PBXShellScriptBuildPhase;
			buildActionMask = 2147483647;
			files = (
			);
			inputFileListPaths = (
			);
			inputPaths = (
				"${PODS_PODFILE_DIR_PATH}/Podfile.lock",
				"${PODS_ROOT}/Manifest.lock",
			);
			name = "[CP] Check Pods Manifest.lock";
			outputFileListPaths = (
			);
			outputPaths = (
				"$(DERIVED_FILE_DIR)/Pods-Task-DailyTests-checkManifestLockResult.txt",
			);
			runOnlyForDeploymentPostprocessing = 0;
			shellPath = /bin/sh;
			shellScript = "diff \"${PODS_PODFILE_DIR_PATH}/Podfile.lock\" \"${PODS_ROOT}/Manifest.lock\" > /dev/null\nif [ $? != 0 ] ; then\n    # print error to STDERR\n    echo \"error: The sandbox is not in sync with the Podfile.lock. Run 'pod install' or update your CocoaPods installation.\" >&2\n    exit 1\nfi\n# This output is used by Xcode 'outputs' to avoid re-running this script phase.\necho \"SUCCESS\" > \"${SCRIPT_OUTPUT_FILE_0}\"\n";
			showEnvVarsInLog = 0;
		};
		FB25313F5C45CE9EFE07E225 /* [CP] Check Pods Manifest.lock */ = {
			isa = PBXShellScriptBuildPhase;
			buildActionMask = 2147483647;
			files = (
			);
			inputFileListPaths = (
			);
			inputPaths = (
				"${PODS_PODFILE_DIR_PATH}/Podfile.lock",
				"${PODS_ROOT}/Manifest.lock",
			);
			name = "[CP] Check Pods Manifest.lock";
			outputFileListPaths = (
			);
			outputPaths = (
				"$(DERIVED_FILE_DIR)/Pods-Task-Daily-Task-DailyUITests-checkManifestLockResult.txt",
			);
			runOnlyForDeploymentPostprocessing = 0;
			shellPath = /bin/sh;
			shellScript = "diff \"${PODS_PODFILE_DIR_PATH}/Podfile.lock\" \"${PODS_ROOT}/Manifest.lock\" > /dev/null\nif [ $? != 0 ] ; then\n    # print error to STDERR\n    echo \"error: The sandbox is not in sync with the Podfile.lock. Run 'pod install' or update your CocoaPods installation.\" >&2\n    exit 1\nfi\n# This output is used by Xcode 'outputs' to avoid re-running this script phase.\necho \"SUCCESS\" > \"${SCRIPT_OUTPUT_FILE_0}\"\n";
			showEnvVarsInLog = 0;
		};
/* End PBXShellScriptBuildPhase section */

/* Begin PBXSourcesBuildPhase section */
		4FD62FA725D108300079FB93 /* Sources */ = {
			isa = PBXSourcesBuildPhase;
			buildActionMask = 2147483647;
			files = (
				4FDB920A25D18A06008A6CC5 /* UiAlertController + Extension.swift in Sources */,
				4F556C6825D47AC2008A255C /* AddTaskViewController.swift in Sources */,
				4F556C6325D456D9008A255C /* DeleteViewController.swift in Sources */,
				4FD62FB325D108300079FB93 /* InitialViewController.swift in Sources */,
				4FD62FDF25D109130079FB93 /* LoginViewController.swift in Sources */,
				4FB8554725D5EAEA00615363 /* UserRegistrationModel.swift in Sources */,
				4FDB920C25D18A50008A6CC5 /* UiViewController + Extension.swift in Sources */,
				4F8C76CF25D24F8C007DDB1D /* APIConstant.swift in Sources */,
				4F81475A25D5000B006188E1 /* LogOutModel.swift in Sources */,
				4F8C76D825D26AE3007DDB1D /* HomeViewController.swift in Sources */,
				4F556BED25D400DD008A255C /* NSUserDefaults + Extension.swift in Sources */,
				4FDB920825D189CE008A6CC5 /* String + Extension.swift in Sources */,
				4F556C5C25D45021008A255C /* UIProgessView + Extension.swift in Sources */,
				4F556C5F25D4538B008A255C /* EditTableViewCell.swift in Sources */,
				4F556C5925D43C17008A255C /* UIView + Extension.swift in Sources */,
				4FD62FAF25D108300079FB93 /* AppDelegate.swift in Sources */,
				4F4AA23F25D55D2D00D16604 /* TaskDataModel.swift in Sources */,
				4FD62FB125D108300079FB93 /* SceneDelegate.swift in Sources */,
				4F8C76D225D25186007DDB1D /* RegisterModel.swift in Sources */,
				4F556C5625D43789008A255C /* TaskTableViewCell.swift in Sources */,
				4F556BEB25D3FC1E008A255C /* LoginModel.swift in Sources */,
				4FDB921425D1B2AA008A6CC5 /* ResetPasswordViewController.swift in Sources */,
				4F556C4625D4308B008A255C /* NSObject+Extension.swift in Sources */,
				4F556C5225D43770008A255C /* TypeCollectionViewCell.swift in Sources */,
				4F81475825D4F95A006188E1 /* AddTaskModel.swift in Sources */,
				4F8C76D625D251EC007DDB1D /* APIManager.swift in Sources */,
				4FDB921025D19AB8008A6CC5 /* SignUpViewController.swift in Sources */,
				4FDB921225D1A6EF008A6CC5 /* ForgotPasswordViewController.swift in Sources */,
			);
			runOnlyForDeploymentPostprocessing = 0;
		};
		4FD62FBD25D108340079FB93 /* Sources */ = {
			isa = PBXSourcesBuildPhase;
			buildActionMask = 2147483647;
			files = (
				4FB8554525D5EA0A00615363 /* UserRegistrationModelTests.swift in Sources */,
				4FD62FC625D108340079FB93 /* Task_DailyTests.swift in Sources */,
			);
			runOnlyForDeploymentPostprocessing = 0;
		};
		4FD62FC825D108340079FB93 /* Sources */ = {
			isa = PBXSourcesBuildPhase;
			buildActionMask = 2147483647;
			files = (
				4FD62FD125D108340079FB93 /* Task_DailyUITests.swift in Sources */,
			);
			runOnlyForDeploymentPostprocessing = 0;
		};
/* End PBXSourcesBuildPhase section */

/* Begin PBXTargetDependency section */
		4FD62FC325D108340079FB93 /* PBXTargetDependency */ = {
			isa = PBXTargetDependency;
			target = 4FD62FAA25D108300079FB93 /* Task-Daily */;
			targetProxy = 4FD62FC225D108340079FB93 /* PBXContainerItemProxy */;
		};
		4FD62FCE25D108340079FB93 /* PBXTargetDependency */ = {
			isa = PBXTargetDependency;
			target = 4FD62FAA25D108300079FB93 /* Task-Daily */;
			targetProxy = 4FD62FCD25D108340079FB93 /* PBXContainerItemProxy */;
		};
/* End PBXTargetDependency section */

/* Begin PBXVariantGroup section */
		4FD62FB425D108300079FB93 /* Main.storyboard */ = {
			isa = PBXVariantGroup;
			children = (
				4FD62FB525D108300079FB93 /* Base */,
			);
			name = Main.storyboard;
			sourceTree = "<group>";
		};
		4FD62FB925D108340079FB93 /* LaunchScreen.storyboard */ = {
			isa = PBXVariantGroup;
			children = (
				4FD62FBA25D108340079FB93 /* Base */,
			);
			name = LaunchScreen.storyboard;
			sourceTree = "<group>";
		};
/* End PBXVariantGroup section */

/* Begin XCBuildConfiguration section */
		4FD62FD325D108340079FB93 /* Debug */ = {
			isa = XCBuildConfiguration;
			buildSettings = {
				ALWAYS_SEARCH_USER_PATHS = NO;
				CLANG_ANALYZER_NONNULL = YES;
				CLANG_ANALYZER_NUMBER_OBJECT_CONVERSION = YES_AGGRESSIVE;
				CLANG_CXX_LANGUAGE_STANDARD = "gnu++14";
				CLANG_CXX_LIBRARY = "libc++";
				CLANG_ENABLE_MODULES = YES;
				CLANG_ENABLE_OBJC_ARC = YES;
				CLANG_ENABLE_OBJC_WEAK = YES;
				CLANG_WARN_BLOCK_CAPTURE_AUTORELEASING = YES;
				CLANG_WARN_BOOL_CONVERSION = YES;
				CLANG_WARN_COMMA = YES;
				CLANG_WARN_CONSTANT_CONVERSION = YES;
				CLANG_WARN_DEPRECATED_OBJC_IMPLEMENTATIONS = YES;
				CLANG_WARN_DIRECT_OBJC_ISA_USAGE = YES_ERROR;
				CLANG_WARN_DOCUMENTATION_COMMENTS = YES;
				CLANG_WARN_EMPTY_BODY = YES;
				CLANG_WARN_ENUM_CONVERSION = YES;
				CLANG_WARN_INFINITE_RECURSION = YES;
				CLANG_WARN_INT_CONVERSION = YES;
				CLANG_WARN_NON_LITERAL_NULL_CONVERSION = YES;
				CLANG_WARN_OBJC_IMPLICIT_RETAIN_SELF = YES;
				CLANG_WARN_OBJC_LITERAL_CONVERSION = YES;
				CLANG_WARN_OBJC_ROOT_CLASS = YES_ERROR;
				CLANG_WARN_RANGE_LOOP_ANALYSIS = YES;
				CLANG_WARN_STRICT_PROTOTYPES = YES;
				CLANG_WARN_SUSPICIOUS_MOVE = YES;
				CLANG_WARN_UNGUARDED_AVAILABILITY = YES_AGGRESSIVE;
				CLANG_WARN_UNREACHABLE_CODE = YES;
				CLANG_WARN__DUPLICATE_METHOD_MATCH = YES;
				COPY_PHASE_STRIP = NO;
				DEBUG_INFORMATION_FORMAT = dwarf;
				ENABLE_STRICT_OBJC_MSGSEND = YES;
				ENABLE_TESTABILITY = YES;
				GCC_C_LANGUAGE_STANDARD = gnu11;
				GCC_DYNAMIC_NO_PIC = NO;
				GCC_NO_COMMON_BLOCKS = YES;
				GCC_OPTIMIZATION_LEVEL = 0;
				GCC_PREPROCESSOR_DEFINITIONS = (
					"DEBUG=1",
					"$(inherited)",
				);
				GCC_WARN_64_TO_32_BIT_CONVERSION = YES;
				GCC_WARN_ABOUT_RETURN_TYPE = YES_ERROR;
				GCC_WARN_UNDECLARED_SELECTOR = YES;
				GCC_WARN_UNINITIALIZED_AUTOS = YES_AGGRESSIVE;
				GCC_WARN_UNUSED_FUNCTION = YES;
				GCC_WARN_UNUSED_VARIABLE = YES;
				IPHONEOS_DEPLOYMENT_TARGET = 13.6;
				MTL_ENABLE_DEBUG_INFO = INCLUDE_SOURCE;
				MTL_FAST_MATH = YES;
				ONLY_ACTIVE_ARCH = YES;
				SDKROOT = iphoneos;
				SWIFT_ACTIVE_COMPILATION_CONDITIONS = DEBUG;
				SWIFT_OPTIMIZATION_LEVEL = "-Onone";
			};
			name = Debug;
		};
		4FD62FD425D108340079FB93 /* Release */ = {
			isa = XCBuildConfiguration;
			buildSettings = {
				ALWAYS_SEARCH_USER_PATHS = NO;
				CLANG_ANALYZER_NONNULL = YES;
				CLANG_ANALYZER_NUMBER_OBJECT_CONVERSION = YES_AGGRESSIVE;
				CLANG_CXX_LANGUAGE_STANDARD = "gnu++14";
				CLANG_CXX_LIBRARY = "libc++";
				CLANG_ENABLE_MODULES = YES;
				CLANG_ENABLE_OBJC_ARC = YES;
				CLANG_ENABLE_OBJC_WEAK = YES;
				CLANG_WARN_BLOCK_CAPTURE_AUTORELEASING = YES;
				CLANG_WARN_BOOL_CONVERSION = YES;
				CLANG_WARN_COMMA = YES;
				CLANG_WARN_CONSTANT_CONVERSION = YES;
				CLANG_WARN_DEPRECATED_OBJC_IMPLEMENTATIONS = YES;
				CLANG_WARN_DIRECT_OBJC_ISA_USAGE = YES_ERROR;
				CLANG_WARN_DOCUMENTATION_COMMENTS = YES;
				CLANG_WARN_EMPTY_BODY = YES;
				CLANG_WARN_ENUM_CONVERSION = YES;
				CLANG_WARN_INFINITE_RECURSION = YES;
				CLANG_WARN_INT_CONVERSION = YES;
				CLANG_WARN_NON_LITERAL_NULL_CONVERSION = YES;
				CLANG_WARN_OBJC_IMPLICIT_RETAIN_SELF = YES;
				CLANG_WARN_OBJC_LITERAL_CONVERSION = YES;
				CLANG_WARN_OBJC_ROOT_CLASS = YES_ERROR;
				CLANG_WARN_RANGE_LOOP_ANALYSIS = YES;
				CLANG_WARN_STRICT_PROTOTYPES = YES;
				CLANG_WARN_SUSPICIOUS_MOVE = YES;
				CLANG_WARN_UNGUARDED_AVAILABILITY = YES_AGGRESSIVE;
				CLANG_WARN_UNREACHABLE_CODE = YES;
				CLANG_WARN__DUPLICATE_METHOD_MATCH = YES;
				COPY_PHASE_STRIP = NO;
				DEBUG_INFORMATION_FORMAT = "dwarf-with-dsym";
				ENABLE_NS_ASSERTIONS = NO;
				ENABLE_STRICT_OBJC_MSGSEND = YES;
				GCC_C_LANGUAGE_STANDARD = gnu11;
				GCC_NO_COMMON_BLOCKS = YES;
				GCC_WARN_64_TO_32_BIT_CONVERSION = YES;
				GCC_WARN_ABOUT_RETURN_TYPE = YES_ERROR;
				GCC_WARN_UNDECLARED_SELECTOR = YES;
				GCC_WARN_UNINITIALIZED_AUTOS = YES_AGGRESSIVE;
				GCC_WARN_UNUSED_FUNCTION = YES;
				GCC_WARN_UNUSED_VARIABLE = YES;
				IPHONEOS_DEPLOYMENT_TARGET = 13.6;
				MTL_ENABLE_DEBUG_INFO = NO;
				MTL_FAST_MATH = YES;
				SDKROOT = iphoneos;
				SWIFT_COMPILATION_MODE = wholemodule;
				SWIFT_OPTIMIZATION_LEVEL = "-O";
				VALIDATE_PRODUCT = YES;
			};
			name = Release;
		};
		4FD62FD625D108340079FB93 /* Debug */ = {
			isa = XCBuildConfiguration;
			baseConfigurationReference = 7E0869632767D8DF12077446 /* Pods-Task-Daily.debug.xcconfig */;
			buildSettings = {
				ASSETCATALOG_COMPILER_APPICON_NAME = AppIcon;
				CODE_SIGN_STYLE = Automatic;
				DEVELOPMENT_TEAM = 9LVN7X66RF;
				INFOPLIST_FILE = "Task-Daily/Info.plist";
				LD_RUNPATH_SEARCH_PATHS = (
					"$(inherited)",
					"@executable_path/Frameworks",
				);
				PRODUCT_BUNDLE_IDENTIFIER = "com.linkon.Task-Daily";
				PRODUCT_NAME = "$(TARGET_NAME)";
				SWIFT_VERSION = 5.0;
				TARGETED_DEVICE_FAMILY = "1,2";
			};
			name = Debug;
		};
		4FD62FD725D108340079FB93 /* Release */ = {
			isa = XCBuildConfiguration;
			baseConfigurationReference = 711B2402F1BF1204A467D9CD /* Pods-Task-Daily.release.xcconfig */;
			buildSettings = {
				ASSETCATALOG_COMPILER_APPICON_NAME = AppIcon;
				CODE_SIGN_STYLE = Automatic;
				DEVELOPMENT_TEAM = 9LVN7X66RF;
				INFOPLIST_FILE = "Task-Daily/Info.plist";
				LD_RUNPATH_SEARCH_PATHS = (
					"$(inherited)",
					"@executable_path/Frameworks",
				);
				PRODUCT_BUNDLE_IDENTIFIER = "com.linkon.Task-Daily";
				PRODUCT_NAME = "$(TARGET_NAME)";
				SWIFT_VERSION = 5.0;
				TARGETED_DEVICE_FAMILY = "1,2";
			};
			name = Release;
		};
		4FD62FD925D108340079FB93 /* Debug */ = {
			isa = XCBuildConfiguration;
			baseConfigurationReference = D9F47412EFC01BDBE814B375 /* Pods-Task-DailyTests.debug.xcconfig */;
			buildSettings = {
				ALWAYS_EMBED_SWIFT_STANDARD_LIBRARIES = YES;
				BUNDLE_LOADER = "$(TEST_HOST)";
				CODE_SIGN_STYLE = Automatic;
				DEVELOPMENT_TEAM = 9LVN7X66RF;
				INFOPLIST_FILE = "Task-DailyTests/Info.plist";
				IPHONEOS_DEPLOYMENT_TARGET = 13.6;
				LD_RUNPATH_SEARCH_PATHS = (
					"$(inherited)",
					"@executable_path/Frameworks",
					"@loader_path/Frameworks",
				);
				PRODUCT_BUNDLE_IDENTIFIER = "com.linkon.Task-DailyTests";
				PRODUCT_NAME = "$(TARGET_NAME)";
				SWIFT_VERSION = 5.0;
				TARGETED_DEVICE_FAMILY = "1,2";
				TEST_HOST = "$(BUILT_PRODUCTS_DIR)/Task-Daily.app/Task-Daily";
			};
			name = Debug;
		};
		4FD62FDA25D108340079FB93 /* Release */ = {
			isa = XCBuildConfiguration;
			baseConfigurationReference = 78DC363545075C96B3B413FB /* Pods-Task-DailyTests.release.xcconfig */;
			buildSettings = {
				ALWAYS_EMBED_SWIFT_STANDARD_LIBRARIES = YES;
				BUNDLE_LOADER = "$(TEST_HOST)";
				CODE_SIGN_STYLE = Automatic;
				DEVELOPMENT_TEAM = 9LVN7X66RF;
				INFOPLIST_FILE = "Task-DailyTests/Info.plist";
				IPHONEOS_DEPLOYMENT_TARGET = 13.6;
				LD_RUNPATH_SEARCH_PATHS = (
					"$(inherited)",
					"@executable_path/Frameworks",
					"@loader_path/Frameworks",
				);
				PRODUCT_BUNDLE_IDENTIFIER = "com.linkon.Task-DailyTests";
				PRODUCT_NAME = "$(TARGET_NAME)";
				SWIFT_VERSION = 5.0;
				TARGETED_DEVICE_FAMILY = "1,2";
				TEST_HOST = "$(BUILT_PRODUCTS_DIR)/Task-Daily.app/Task-Daily";
			};
			name = Release;
		};
		4FD62FDC25D108340079FB93 /* Debug */ = {
			isa = XCBuildConfiguration;
			baseConfigurationReference = 2C3FFB539195B219BEF62F01 /* Pods-Task-Daily-Task-DailyUITests.debug.xcconfig */;
			buildSettings = {
				ALWAYS_EMBED_SWIFT_STANDARD_LIBRARIES = YES;
				CODE_SIGN_STYLE = Automatic;
				DEVELOPMENT_TEAM = 9LVN7X66RF;
				INFOPLIST_FILE = "Task-DailyUITests/Info.plist";
				LD_RUNPATH_SEARCH_PATHS = (
					"$(inherited)",
					"@executable_path/Frameworks",
					"@loader_path/Frameworks",
				);
				PRODUCT_BUNDLE_IDENTIFIER = "com.linkon.Task-DailyUITests";
				PRODUCT_NAME = "$(TARGET_NAME)";
				SWIFT_VERSION = 5.0;
				TARGETED_DEVICE_FAMILY = "1,2";
				TEST_TARGET_NAME = "Task-Daily";
			};
			name = Debug;
		};
		4FD62FDD25D108340079FB93 /* Release */ = {
			isa = XCBuildConfiguration;
			baseConfigurationReference = A5788853DD8ECA45634707A7 /* Pods-Task-Daily-Task-DailyUITests.release.xcconfig */;
			buildSettings = {
				ALWAYS_EMBED_SWIFT_STANDARD_LIBRARIES = YES;
				CODE_SIGN_STYLE = Automatic;
				DEVELOPMENT_TEAM = 9LVN7X66RF;
				INFOPLIST_FILE = "Task-DailyUITests/Info.plist";
				LD_RUNPATH_SEARCH_PATHS = (
					"$(inherited)",
					"@executable_path/Frameworks",
					"@loader_path/Frameworks",
				);
				PRODUCT_BUNDLE_IDENTIFIER = "com.linkon.Task-DailyUITests";
				PRODUCT_NAME = "$(TARGET_NAME)";
				SWIFT_VERSION = 5.0;
				TARGETED_DEVICE_FAMILY = "1,2";
				TEST_TARGET_NAME = "Task-Daily";
			};
			name = Release;
		};
/* End XCBuildConfiguration section */

/* Begin XCConfigurationList section */
		4FD62FA625D108300079FB93 /* Build configuration list for PBXProject "Task-Daily" */ = {
			isa = XCConfigurationList;
			buildConfigurations = (
				4FD62FD325D108340079FB93 /* Debug */,
				4FD62FD425D108340079FB93 /* Release */,
			);
			defaultConfigurationIsVisible = 0;
			defaultConfigurationName = Release;
		};
		4FD62FD525D108340079FB93 /* Build configuration list for PBXNativeTarget "Task-Daily" */ = {
			isa = XCConfigurationList;
			buildConfigurations = (
				4FD62FD625D108340079FB93 /* Debug */,
				4FD62FD725D108340079FB93 /* Release */,
			);
			defaultConfigurationIsVisible = 0;
			defaultConfigurationName = Release;
		};
		4FD62FD825D108340079FB93 /* Build configuration list for PBXNativeTarget "Task-DailyTests" */ = {
			isa = XCConfigurationList;
			buildConfigurations = (
				4FD62FD925D108340079FB93 /* Debug */,
				4FD62FDA25D108340079FB93 /* Release */,
			);
			defaultConfigurationIsVisible = 0;
			defaultConfigurationName = Release;
		};
		4FD62FDB25D108340079FB93 /* Build configuration list for PBXNativeTarget "Task-DailyUITests" */ = {
			isa = XCConfigurationList;
			buildConfigurations = (
				4FD62FDC25D108340079FB93 /* Debug */,
				4FD62FDD25D108340079FB93 /* Release */,
			);
			defaultConfigurationIsVisible = 0;
			defaultConfigurationName = Release;
		};
/* End XCConfigurationList section */
	};
	rootObject = 4FD62FA325D108300079FB93 /* Project object */;
}
